
Microsoft Visual Studio Solution File, Format Version 12.00
# Visual Studio Version 17
VisualStudioVersion = 17.5.33424.131
MinimumVisualStudioVersion = 10.0.40219.1
Project("{FAE04EC0-301F-11D3-BF4B-00C04F79EFBC}") = "Cursova", "Cursova\Cursova.csproj", "{CE629BD0-B56C-4F00-9F13-9DB04BCFCA65}"
EndProject
Global
	GlobalSection(SolutionConfigurationPlatforms) = preSolution
		Debug|Any CPU = Debug|Any CPU
		Release|Any CPU = Release|Any CPU
	EndGlobalSection
	GlobalSection(ProjectConfigurationPlatforms) = postSolution
		{CE629BD0-B56C-4F00-9F13-9DB04BCFCA65}.Debug|Any CPU.ActiveCfg = Debug|Any CPU
		{CE629BD0-B56C-4F00-9F13-9DB04BCFCA65}.Debug|Any CPU.Build.0 = Debug|Any CPU
		{CE629BD0-B56C-4F00-9F13-9DB04BCFCA65}.Release|Any CPU.ActiveCfg = Release|Any CPU
		{CE629BD0-B56C-4F00-9F13-9DB04BCFCA65}.Release|Any CPU.Build.0 = Release|Any CPU
	EndGlobalSection
	GlobalSection(SolutionProperties) = preSolution
		HideSolutionNode = FALSE
	EndGlobalSection
	GlobalSection(ExtensibilityGlobals) = postSolution
		SolutionGuid = {8D7698C0-9CC0-43F8-ACE3-40F7FCA2DA02}
	EndGlobalSection
EndGlobal
